// !$*UTF8*$!
{
	archiveVersion = 1;
	classes = {
	};
	objectVersion = 51;
	objects = {

/* Begin PBXBuildFile section */
		4305BA1A128DC4340842684D /* Pods_Snapchatter.framework in Frameworks */ = {isa = PBXBuildFile; fileRef = A3540E7407F5C787BEEF7197 /* Pods_Snapchatter.framework */; };
		666D5B0026B9A6E600CA4AF3 /* AppDelegate.swift in Sources */ = {isa = PBXBuildFile; fileRef = 666D5AFF26B9A6E600CA4AF3 /* AppDelegate.swift */; };
		666D5B0226B9A6E600CA4AF3 /* SceneDelegate.swift in Sources */ = {isa = PBXBuildFile; fileRef = 666D5B0126B9A6E600CA4AF3 /* SceneDelegate.swift */; };
		666D5B0426B9A6E600CA4AF3 /* LoginViewController.swift in Sources */ = {isa = PBXBuildFile; fileRef = 666D5B0326B9A6E600CA4AF3 /* LoginViewController.swift */; };
		666D5B0726B9A6E600CA4AF3 /* Main.storyboard in Resources */ = {isa = PBXBuildFile; fileRef = 666D5B0526B9A6E600CA4AF3 /* Main.storyboard */; };
		666D5B0926B9A6E900CA4AF3 /* Assets.xcassets in Resources */ = {isa = PBXBuildFile; fileRef = 666D5B0826B9A6E900CA4AF3 /* Assets.xcassets */; };
		666D5B0C26B9A6E900CA4AF3 /* LaunchScreen.storyboard in Resources */ = {isa = PBXBuildFile; fileRef = 666D5B0A26B9A6E900CA4AF3 /* LaunchScreen.storyboard */; };
		666D5B1426B9A7F400CA4AF3 /* GoogleService-Info.plist in Resources */ = {isa = PBXBuildFile; fileRef = 666D5B1326B9A7F400CA4AF3 /* GoogleService-Info.plist */; };
/* End PBXBuildFile section */

/* Begin PBXFileReference section */
		6348099621C99F0949597B1B /* Pods-Snapchatter.debug.xcconfig */ = {isa = PBXFileReference; includeInIndex = 1; lastKnownFileType = text.xcconfig; name = "Pods-Snapchatter.debug.xcconfig"; path = "Target Support Files/Pods-Snapchatter/Pods-Snapchatter.debug.xcconfig"; sourceTree = "<group>"; };
		666D5AFC26B9A6E600CA4AF3 /* Snapchatter.app */ = {isa = PBXFileReference; explicitFileType = wrapper.application; includeInIndex = 0; path = Snapchatter.app; sourceTree = BUILT_PRODUCTS_DIR; };
		666D5AFF26B9A6E600CA4AF3 /* AppDelegate.swift */ = {isa = PBXFileReference; lastKnownFileType = sourcecode.swift; path = AppDelegate.swift; sourceTree = "<group>"; };
		666D5B0126B9A6E600CA4AF3 /* SceneDelegate.swift */ = {isa = PBXFileReference; lastKnownFileType = sourcecode.swift; path = SceneDelegate.swift; sourceTree = "<group>"; };
		666D5B0326B9A6E600CA4AF3 /* LoginViewController.swift */ = {isa = PBXFileReference; lastKnownFileType = sourcecode.swift; path = LoginViewController.swift; sourceTree = "<group>"; };
		666D5B0626B9A6E600CA4AF3 /* Base */ = {isa = PBXFileReference; lastKnownFileType = file.storyboard; name = Base; path = Base.lproj/Main.storyboard; sourceTree = "<group>"; };
		666D5B0826B9A6E900CA4AF3 /* Assets.xcassets */ = {isa = PBXFileReference; lastKnownFileType = folder.assetcatalog; path = Assets.xcassets; sourceTree = "<group>"; };
		666D5B0B26B9A6E900CA4AF3 /* Base */ = {isa = PBXFileReference; lastKnownFileType = file.storyboard; name = Base; path = Base.lproj/LaunchScreen.storyboard; sourceTree = "<group>"; };
		666D5B0D26B9A6E900CA4AF3 /* Info.plist */ = {isa = PBXFileReference; lastKnownFileType = text.plist.xml; path = Info.plist; sourceTree = "<group>"; };
		666D5B1326B9A7F400CA4AF3 /* GoogleService-Info.plist */ = {isa = PBXFileReference; fileEncoding = 4; lastKnownFileType = text.plist.xml; path = "GoogleService-Info.plist"; sourceTree = "<group>"; };
		A3540E7407F5C787BEEF7197 /* Pods_Snapchatter.framework */ = {isa = PBXFileReference; explicitFileType = wrapper.framework; includeInIndex = 0; path = Pods_Snapchatter.framework; sourceTree = BUILT_PRODUCTS_DIR; };
		F503B927F3AAF7EC6024F2D9 /* Pods-Snapchatter.release.xcconfig */ = {isa = PBXFileReference; includeInIndex = 1; lastKnownFileType = text.xcconfig; name = "Pods-Snapchatter.release.xcconfig"; path = "Target Support Files/Pods-Snapchatter/Pods-Snapchatter.release.xcconfig"; sourceTree = "<group>"; };
/* End PBXFileReference section */

/* Begin PBXFrameworksBuildPhase section */
		666D5AF926B9A6E600CA4AF3 /* Frameworks */ = {
			isa = PBXFrameworksBuildPhase;
			buildActionMask = 2147483647;
			files = (
				4305BA1A128DC4340842684D /* Pods_Snapchatter.framework in Frameworks */,
			);
			runOnlyForDeploymentPostprocessing = 0;
		};
/* End PBXFrameworksBuildPhase section */

/* Begin PBXGroup section */
		02D2031D8EC1AB1F2DB070C7 /* Frameworks */ = {
			isa = PBXGroup;
			children = (
				A3540E7407F5C787BEEF7197 /* Pods_Snapchatter.framework */,
			);
			name = Frameworks;
			sourceTree = "<group>";
		};
		23F3EEDC85AE931BF5BDC90F /* Pods */ = {
			isa = PBXGroup;
			children = (
				6348099621C99F0949597B1B /* Pods-Snapchatter.debug.xcconfig */,
				F503B927F3AAF7EC6024F2D9 /* Pods-Snapchatter.release.xcconfig */,
			);
			path = Pods;
			sourceTree = "<group>";
		};
		666D5AF326B9A6E600CA4AF3 = {
			isa = PBXGroup;
			children = (
				666D5AFE26B9A6E600CA4AF3 /* Snapchatter */,
				666D5AFD26B9A6E600CA4AF3 /* Products */,
				23F3EEDC85AE931BF5BDC90F /* Pods */,
				02D2031D8EC1AB1F2DB070C7 /* Frameworks */,
			);
			sourceTree = "<group>";
		};
		666D5AFD26B9A6E600CA4AF3 /* Products */ = {
			isa = PBXGroup;
			children = (
				666D5AFC26B9A6E600CA4AF3 /* Snapchatter.app */,
			);
			name = Products;
			sourceTree = "<group>";
		};
		666D5AFE26B9A6E600CA4AF3 /* Snapchatter */ = {
			isa = PBXGroup;
			children = (
				666D5AFF26B9A6E600CA4AF3 /* AppDelegate.swift */,
				666D5B0126B9A6E600CA4AF3 /* SceneDelegate.swift */,
				666D5B0326B9A6E600CA4AF3 /* LoginViewController.swift */,
				666D5B0526B9A6E600CA4AF3 /* Main.storyboard */,
				666D5B0826B9A6E900CA4AF3 /* Assets.xcassets */,
				666D5B0A26B9A6E900CA4AF3 /* LaunchScreen.storyboard */,
				666D5B0D26B9A6E900CA4AF3 /* Info.plist */,
				666D5B1326B9A7F400CA4AF3 /* GoogleService-Info.plist */,
			);
			path = Snapchatter;
			sourceTree = "<group>";
		};
/* End PBXGroup section */

/* Begin PBXNativeTarget section */
		666D5AFB26B9A6E600CA4AF3 /* Snapchatter */ = {
			isa = PBXNativeTarget;
			buildConfigurationList = 666D5B1026B9A6E900CA4AF3 /* Build configuration list for PBXNativeTarget "Snapchatter" */;
			buildPhases = (
				BAE3DA97CE255AF4CAF7940F /* [CP] Check Pods Manifest.lock */,
				666D5AF826B9A6E600CA4AF3 /* Sources */,
				666D5AF926B9A6E600CA4AF3 /* Frameworks */,
				666D5AFA26B9A6E600CA4AF3 /* Resources */,
				D3000CFB36A8A6978D671601 /* [CP] Embed Pods Frameworks */,
			);
			buildRules = (
			);
			dependencies = (
			);
			name = Snapchatter;
			productName = Snapchatter;
			productReference = 666D5AFC26B9A6E600CA4AF3 /* Snapchatter.app */;
			productType = "com.apple.product-type.application";
		};
/* End PBXNativeTarget section */

/* Begin PBXProject section */
		666D5AF426B9A6E600CA4AF3 /* Project object */ = {
			isa = PBXProject;
			attributes = {
				LastSwiftUpdateCheck = 1250;
				LastUpgradeCheck = 1250;
				TargetAttributes = {
					666D5AFB26B9A6E600CA4AF3 = {
						CreatedOnToolsVersion = 12.5.1;
					};
				};
			};
			buildConfigurationList = 666D5AF726B9A6E600CA4AF3 /* Build configuration list for PBXProject "Snapchatter" */;
			compatibilityVersion = "Xcode 9.3";
			developmentRegion = en;
			hasScannedForEncodings = 0;
			knownRegions = (
				en,
				Base,
			);
			mainGroup = 666D5AF326B9A6E600CA4AF3;
			productRefGroup = 666D5AFD26B9A6E600CA4AF3 /* Products */;
			projectDirPath = "";
			projectRoot = "";
			targets = (
				666D5AFB26B9A6E600CA4AF3 /* Snapchatter */,
			);
		};
/* End PBXProject section */

/* Begin PBXResourcesBuildPhase section */
		666D5AFA26B9A6E600CA4AF3 /* Resources */ = {
			isa = PBXResourcesBuildPhase;
			buildActionMask = 2147483647;
			files = (
				666D5B0C26B9A6E900CA4AF3 /* LaunchScreen.storyboard in Resources */,
				666D5B1426B9A7F400CA4AF3 /* GoogleService-Info.plist in Resources */,
				666D5B0926B9A6E900CA4AF3 /* Assets.xcassets in Resources */,
				666D5B0726B9A6E600CA4AF3 /* Main.storyboard in Resources */,
			);
			runOnlyForDeploymentPostprocessing = 0;
		};
/* End PBXResourcesBuildPhase section */

/* Begin PBXShellScriptBuildPhase section */
		BAE3DA97CE255AF4CAF7940F /* [CP] Check Pods Manifest.lock */ = {
			isa = PBXShellScriptBuildPhase;
			buildActionMask = 2147483647;
			files = (
			);
			inputFileListPaths = (
			);
			inputPaths = (
				"${PODS_PODFILE_DIR_PATH}/Podfile.lock",
				"${PODS_ROOT}/Manifest.lock",
			);
			name = "[CP] Check Pods Manifest.lock";
			outputFileListPaths = (
			);
			outputPaths = (
				"$(DERIVED_FILE_DIR)/Pods-Snapchatter-checkManifestLockResult.txt",
			);
			runOnlyForDeploymentPostprocessing = 0;
			shellPath = /bin/sh;
			shellScript = "diff \"${PODS_PODFILE_DIR_PATH}/Podfile.lock\" \"${PODS_ROOT}/Manifest.lock\" > /dev/null\nif [ $? != 0 ] ; then\n    # print error to STDERR\n    echo \"error: The sandbox is not in sync with the Podfile.lock. Run 'pod install' or update your CocoaPods installation.\" >&2\n    exit 1\nfi\n# This output is used by Xcode 'outputs' to avoid re-running this script phase.\necho \"SUCCESS\" > \"${SCRIPT_OUTPUT_FILE_0}\"\n";
			showEnvVarsInLog = 0;
		};
		D3000CFB36A8A6978D671601 /* [CP] Embed Pods Frameworks */ = {
			isa = PBXShellScriptBuildPhase;
			buildActionMask = 2147483647;
			files = (
			);
			inputFileListPaths = (
				"${PODS_ROOT}/Target Support Files/Pods-Snapchatter/Pods-Snapchatter-frameworks-${CONFIGURATION}-input-files.xcfilelist",
			);
			name = "[CP] Embed Pods Frameworks";
			outputFileListPaths = (
				"${PODS_ROOT}/Target Support Files/Pods-Snapchatter/Pods-Snapchatter-frameworks-${CONFIGURATION}-output-files.xcfilelist",
			);
			runOnlyForDeploymentPostprocessing = 0;
			shellPath = /bin/sh;
			shellScript = "\"${PODS_ROOT}/Target Support Files/Pods-Snapchatter/Pods-Snapchatter-frameworks.sh\"\n";
			showEnvVarsInLog = 0;
		};
/* End PBXShellScriptBuildPhase section */

/* Begin PBXSourcesBuildPhase section */
		666D5AF826B9A6E600CA4AF3 /* Sources */ = {
			isa = PBXSourcesBuildPhase;
			buildActionMask = 2147483647;
			files = (
				666D5B0426B9A6E600CA4AF3 /* LoginViewController.swift in Sources */,
				666D5B0026B9A6E600CA4AF3 /* AppDelegate.swift in Sources */,
				666D5B0226B9A6E600CA4AF3 /* SceneDelegate.swift in Sources */,
			);
			runOnlyForDeploymentPostprocessing = 0;
		};
/* End PBXSourcesBuildPhase section */

/* Begin PBXVariantGroup section */
		666D5B0526B9A6E600CA4AF3 /* Main.storyboard */ = {
			isa = PBXVariantGroup;
			children = (
				666D5B0626B9A6E600CA4AF3 /* Base */,
			);
			name = Main.storyboard;
			sourceTree = "<group>";
		};
		666D5B0A26B9A6E900CA4AF3 /* LaunchScreen.storyboard */ = {
			isa = PBXVariantGroup;
			children = (
				666D5B0B26B9A6E900CA4AF3 /* Base */,
			);
			name = LaunchScreen.storyboard;
			sourceTree = "<group>";
		};
/* End PBXVariantGroup section */

/* Begin XCBuildConfiguration section */
		666D5B0E26B9A6E900CA4AF3 /* Debug */ = {
			isa = XCBuildConfiguration;
			buildSettings = {
				ALWAYS_SEARCH_USER_PATHS = NO;
				CLANG_ANALYZER_NONNULL = YES;
				CLANG_ANALYZER_NUMBER_OBJECT_CONVERSION = YES_AGGRESSIVE;
				CLANG_CXX_LANGUAGE_STANDARD = "gnu++14";
				CLANG_CXX_LIBRARY = "libc++";
				CLANG_ENABLE_MODULES = YES;
				CLANG_ENABLE_OBJC_ARC = YES;
				CLANG_ENABLE_OBJC_WEAK = YES;
				CLANG_WARN_BLOCK_CAPTURE_AUTORELEASING = YES;
				CLANG_WARN_BOOL_CONVERSION = YES;
				CLANG_WARN_COMMA = YES;
				CLANG_WARN_CONSTANT_CONVERSION = YES;
				CLANG_WARN_DEPRECATED_OBJC_IMPLEMENTATIONS = YES;
				CLANG_WARN_DIRECT_OBJC_ISA_USAGE = YES_ERROR;
				CLANG_WARN_DOCUMENTATION_COMMENTS = YES;
				CLANG_WARN_EMPTY_BODY = YES;
				CLANG_WARN_ENUM_CONVERSION = YES;
				CLANG_WARN_INFINITE_RECURSION = YES;
				CLANG_WARN_INT_CONVERSION = YES;
				CLANG_WARN_NON_LITERAL_NULL_CONVERSION = YES;
				CLANG_WARN_OBJC_IMPLICIT_RETAIN_SELF = YES;
				CLANG_WARN_OBJC_LITERAL_CONVERSION = YES;
				CLANG_WARN_OBJC_ROOT_CLASS = YES_ERROR;
				CLANG_WARN_QUOTED_INCLUDE_IN_FRAMEWORK_HEADER = YES;
				CLANG_WARN_RANGE_LOOP_ANALYSIS = YES;
				CLANG_WARN_STRICT_PROTOTYPES = YES;
				CLANG_WARN_SUSPICIOUS_MOVE = YES;
				CLANG_WARN_UNGUARDED_AVAILABILITY = YES_AGGRESSIVE;
				CLANG_WARN_UNREACHABLE_CODE = YES;
				CLANG_WARN__DUPLICATE_METHOD_MATCH = YES;
				COPY_PHASE_STRIP = NO;
				DEBUG_INFORMATION_FORMAT = dwarf;
				ENABLE_STRICT_OBJC_MSGSEND = YES;
				ENABLE_TESTABILITY = YES;
				GCC_C_LANGUAGE_STANDARD = gnu11;
				GCC_DYNAMIC_NO_PIC = NO;
				GCC_NO_COMMON_BLOCKS = YES;
				GCC_OPTIMIZATION_LEVEL = 0;
				GCC_PREPROCESSOR_DEFINITIONS = (
					"DEBUG=1",
					"$(inherited)",
				);
				GCC_WARN_64_TO_32_BIT_CONVERSION = YES;
				GCC_WARN_ABOUT_RETURN_TYPE = YES_ERROR;
				GCC_WARN_UNDECLARED_SELECTOR = YES;
				GCC_WARN_UNINITIALIZED_AUTOS = YES_AGGRESSIVE;
				GCC_WARN_UNUSED_FUNCTION = YES;
				GCC_WARN_UNUSED_VARIABLE = YES;
				IPHONEOS_DEPLOYMENT_TARGET = 14.5;
				MTL_ENABLE_DEBUG_INFO = INCLUDE_SOURCE;
				MTL_FAST_MATH = YES;
				ONLY_ACTIVE_ARCH = YES;
				SDKROOT = iphoneos;
				SWIFT_ACTIVE_COMPILATION_CONDITIONS = DEBUG;
				SWIFT_OPTIMIZATION_LEVEL = "-Onone";
			};
			name = Debug;
		};
		666D5B0F26B9A6E900CA4AF3 /* Release */ = {
			isa = XCBuildConfiguration;
			buildSettings = {
				ALWAYS_SEARCH_USER_PATHS = NO;
				CLANG_ANALYZER_NONNULL = YES;
				CLANG_ANALYZER_NUMBER_OBJECT_CONVERSION = YES_AGGRESSIVE;
				CLANG_CXX_LANGUAGE_STANDARD = "gnu++14";
				CLANG_CXX_LIBRARY = "libc++";
				CLANG_ENABLE_MODULES = YES;
				CLANG_ENABLE_OBJC_ARC = YES;
				CLANG_ENABLE_OBJC_WEAK = YES;
				CLANG_WARN_BLOCK_CAPTURE_AUTORELEASING = YES;
				CLANG_WARN_BOOL_CONVERSION = YES;
				CLANG_WARN_COMMA = YES;
				CLANG_WARN_CONSTANT_CONVERSION = YES;
				CLANG_WARN_DEPRECATED_OBJC_IMPLEMENTATIONS = YES;
				CLANG_WARN_DIRECT_OBJC_ISA_USAGE = YES_ERROR;
				CLANG_WARN_DOCUMENTATION_COMMENTS = YES;
				CLANG_WARN_EMPTY_BODY = YES;
				CLANG_WARN_ENUM_CONVERSION = YES;
				CLANG_WARN_INFINITE_RECURSION = YES;
				CLANG_WARN_INT_CONVERSION = YES;
				CLANG_WARN_NON_LITERAL_NULL_CONVERSION = YES;
				CLANG_WARN_OBJC_IMPLICIT_RETAIN_SELF = YES;
				CLANG_WARN_OBJC_LITERAL_CONVERSION = YES;
				CLANG_WARN_OBJC_ROOT_CLASS = YES_ERROR;
				CLANG_WARN_QUOTED_INCLUDE_IN_FRAMEWORK_HEADER = YES;
				CLANG_WARN_RANGE_LOOP_ANALYSIS = YES;
				CLANG_WARN_STRICT_PROTOTYPES = YES;
				CLANG_WARN_SUSPICIOUS_MOVE = YES;
				CLANG_WARN_UNGUARDED_AVAILABILITY = YES_AGGRESSIVE;
				CLANG_WARN_UNREACHABLE_CODE = YES;
				CLANG_WARN__DUPLICATE_METHOD_MATCH = YES;
				COPY_PHASE_STRIP = NO;
				DEBUG_INFORMATION_FORMAT = "dwarf-with-dsym";
				ENABLE_NS_ASSERTIONS = NO;
				ENABLE_STRICT_OBJC_MSGSEND = YES;
				GCC_C_LANGUAGE_STANDARD = gnu11;
				GCC_NO_COMMON_BLOCKS = YES;
				GCC_WARN_64_TO_32_BIT_CONVERSION = YES;
				GCC_WARN_ABOUT_RETURN_TYPE = YES_ERROR;
				GCC_WARN_UNDECLARED_SELECTOR = YES;
				GCC_WARN_UNINITIALIZED_AUTOS = YES_AGGRESSIVE;
				GCC_WARN_UNUSED_FUNCTION = YES;
				GCC_WARN_UNUSED_VARIABLE = YES;
				IPHONEOS_DEPLOYMENT_TARGET = 14.5;
				MTL_ENABLE_DEBUG_INFO = NO;
				MTL_FAST_MATH = YES;
				SDKROOT = iphoneos;
				SWIFT_COMPILATION_MODE = wholemodule;
				SWIFT_OPTIMIZATION_LEVEL = "-O";
				VALIDATE_PRODUCT = YES;
			};
			name = Release;
		};
		666D5B1126B9A6E900CA4AF3 /* Debug */ = {
			isa = XCBuildConfiguration;
			baseConfigurationReference = 6348099621C99F0949597B1B /* Pods-Snapchatter.debug.xcconfig */;
			buildSettings = {
				ASSETCATALOG_COMPILER_APPICON_NAME = AppIcon;
				ASSETCATALOG_COMPILER_GLOBAL_ACCENT_COLOR_NAME = AccentColor;
				CODE_SIGN_STYLE = Automatic;
				DEVELOPMENT_TEAM = 3PX6J6VL32;
				INFOPLIST_FILE = Snapchatter/Info.plist;
				LD_RUNPATH_SEARCH_PATHS = (
					"$(inherited)",
					"@executable_path/Frameworks",
				);
				PRODUCT_BUNDLE_IDENTIFIER = januszewski.Snapchatter;
				PRODUCT_NAME = "$(TARGET_NAME)";
				SWIFT_VERSION = 5.0;
				TARGETED_DEVICE_FAMILY = "1,2";
			};
			name = Debug;
		};
		666D5B1226B9A6E900CA4AF3 /* Release */ = {
			isa = XCBuildConfiguration;
			baseConfigurationReference = F503B927F3AAF7EC6024F2D9 /* Pods-Snapchatter.release.xcconfig */;
			buildSettings = {
				ASSETCATALOG_COMPILER_APPICON_NAME = AppIcon;
				ASSETCATALOG_COMPILER_GLOBAL_ACCENT_COLOR_NAME = AccentColor;
				CODE_SIGN_STYLE = Automatic;
				DEVELOPMENT_TEAM = 3PX6J6VL32;
				INFOPLIST_FILE = Snapchatter/Info.plist;
				LD_RUNPATH_SEARCH_PATHS = (
					"$(inherited)",
					"@executable_path/Frameworks",
				);
				PRODUCT_BUNDLE_IDENTIFIER = januszewski.Snapchatter;
				PRODUCT_NAME = "$(TARGET_NAME)";
				SWIFT_VERSION = 5.0;
				TARGETED_DEVICE_FAMILY = "1,2";
			};
			name = Release;
		};
/* End XCBuildConfiguration section */

/* Begin XCConfigurationList section */
		666D5AF726B9A6E600CA4AF3 /* Build configuration list for PBXProject "Snapchatter" */ = {
			isa = XCConfigurationList;
			buildConfigurations = (
				666D5B0E26B9A6E900CA4AF3 /* Debug */,
				666D5B0F26B9A6E900CA4AF3 /* Release */,
			);
			defaultConfigurationIsVisible = 0;
			defaultConfigurationName = Release;
		};
		666D5B1026B9A6E900CA4AF3 /* Build configuration list for PBXNativeTarget "Snapchatter" */ = {
			isa = XCConfigurationList;
			buildConfigurations = (
				666D5B1126B9A6E900CA4AF3 /* Debug */,
				666D5B1226B9A6E900CA4AF3 /* Release */,
			);
			defaultConfigurationIsVisible = 0;
			defaultConfigurationName = Release;
		};
/* End XCConfigurationList section */
	};
	rootObject = 666D5AF426B9A6E600CA4AF3 /* Project object */;
}
